// !$*UTF8*$!
{
	archiveVersion = 1;
	classes = {
	};
	objectVersion = 46;
	objects = {

/* Begin PBXBuildFile section */
		81805C7E17DCB68300A7FFCB /* UIKit.framework in Frameworks */ = {isa = PBXBuildFile; fileRef = 81805C7D17DCB68300A7FFCB /* UIKit.framework */; };
		81805C8017DCB68300A7FFCB /* Foundation.framework in Frameworks */ = {isa = PBXBuildFile; fileRef = 81805C7F17DCB68300A7FFCB /* Foundation.framework */; };
		81805C8217DCB68300A7FFCB /* CoreGraphics.framework in Frameworks */ = {isa = PBXBuildFile; fileRef = 81805C8117DCB68300A7FFCB /* CoreGraphics.framework */; };
		81805C8817DCB68300A7FFCB /* InfoPlist.strings in Resources */ = {isa = PBXBuildFile; fileRef = 81805C8617DCB68300A7FFCB /* InfoPlist.strings */; };
		81805C8A17DCB68300A7FFCB /* main.m in Sources */ = {isa = PBXBuildFile; fileRef = 81805C8917DCB68300A7FFCB /* main.m */; };
		81805C8E17DCB68300A7FFCB /* LCAppDelegate.mm in Sources */ = {isa = PBXBuildFile; fileRef = 81805C8D17DCB68300A7FFCB /* LCAppDelegate.mm */; };
		81805C9017DCB68300A7FFCB /* Default.png in Resources */ = {isa = PBXBuildFile; fileRef = 81805C8F17DCB68300A7FFCB /* Default.png */; };
		81805C9217DCB68300A7FFCB /* Default@2x.png in Resources */ = {isa = PBXBuildFile; fileRef = 81805C9117DCB68300A7FFCB /* Default@2x.png */; };
		81805C9417DCB68300A7FFCB /* Default-568h@2x.png in Resources */ = {isa = PBXBuildFile; fileRef = 81805C9317DCB68300A7FFCB /* Default-568h@2x.png */; };
		81805C9A17DCB68300A7FFCB /* LCViewController_iPhone.xib in Resources */ = {isa = PBXBuildFile; fileRef = 81805C9817DCB68300A7FFCB /* LCViewController_iPhone.xib */; };
		81805C9D17DCB68300A7FFCB /* LCViewController_iPad.xib in Resources */ = {isa = PBXBuildFile; fileRef = 81805C9B17DCB68300A7FFCB /* LCViewController_iPad.xib */; };
/* End PBXBuildFile section */

/* Begin PBXFileReference section */
		81805C7A17DCB68300A7FFCB /* LightLoggerIos.app */ = {isa = PBXFileReference; explicitFileType = wrapper.application; includeInIndex = 0; path = LightLoggerIos.app; sourceTree = BUILT_PRODUCTS_DIR; };
		81805C7D17DCB68300A7FFCB /* UIKit.framework */ = {isa = PBXFileReference; lastKnownFileType = wrapper.framework; name = UIKit.framework; path = System/Library/Frameworks/UIKit.framework; sourceTree = SDKROOT; };
		81805C7F17DCB68300A7FFCB /* Foundation.framework */ = {isa = PBXFileReference; lastKnownFileType = wrapper.framework; name = Foundation.framework; path = System/Library/Frameworks/Foundation.framework; sourceTree = SDKROOT; };
		81805C8117DCB68300A7FFCB /* CoreGraphics.framework */ = {isa = PBXFileReference; lastKnownFileType = wrapper.framework; name = CoreGraphics.framework; path = System/Library/Frameworks/CoreGraphics.framework; sourceTree = SDKROOT; };
		81805C8517DCB68300A7FFCB /* LightLoggerIos-Info.plist */ = {isa = PBXFileReference; lastKnownFileType = text.plist.xml; path = "LightLoggerIos-Info.plist"; sourceTree = "<group>"; };
		81805C8717DCB68300A7FFCB /* en */ = {isa = PBXFileReference; lastKnownFileType = text.plist.strings; name = en; path = en.lproj/InfoPlist.strings; sourceTree = "<group>"; };
		81805C8917DCB68300A7FFCB /* main.m */ = {isa = PBXFileReference; lastKnownFileType = sourcecode.c.objc; path = main.m; sourceTree = "<group>"; };
		81805C8B17DCB68300A7FFCB /* LightLoggerIos-Prefix.pch */ = {isa = PBXFileReference; lastKnownFileType = sourcecode.c.h; path = "LightLoggerIos-Prefix.pch"; sourceTree = "<group>"; };
		81805C8C17DCB68300A7FFCB /* LCAppDelegate.h */ = {isa = PBXFileReference; lastKnownFileType = sourcecode.c.h; path = LCAppDelegate.h; sourceTree = "<group>"; };
		81805C8D17DCB68300A7FFCB /* LCAppDelegate.mm */ = {isa = PBXFileReference; lastKnownFileType = sourcecode.cpp.objcpp; path = LCAppDelegate.mm; sourceTree = "<group>"; };
		81805C8F17DCB68300A7FFCB /* Default.png */ = {isa = PBXFileReference; lastKnownFileType = image.png; path = Default.png; sourceTree = "<group>"; };
		81805C9117DCB68300A7FFCB /* Default@2x.png */ = {isa = PBXFileReference; lastKnownFileType = image.png; path = "Default@2x.png"; sourceTree = "<group>"; };
		81805C9317DCB68300A7FFCB /* Default-568h@2x.png */ = {isa = PBXFileReference; lastKnownFileType = image.png; path = "Default-568h@2x.png"; sourceTree = "<group>"; };
		81805C9917DCB68300A7FFCB /* en */ = {isa = PBXFileReference; lastKnownFileType = file.xib; name = en; path = en.lproj/LCViewController_iPhone.xib; sourceTree = "<group>"; };
		81805C9C17DCB68300A7FFCB /* en */ = {isa = PBXFileReference; lastKnownFileType = file.xib; name = en; path = en.lproj/LCViewController_iPad.xib; sourceTree = "<group>"; };
		81805CA317DCB6C500A7FFCB /* lc_logging.h */ = {isa = PBXFileReference; fileEncoding = 4; lastKnownFileType = sourcecode.c.h; name = lc_logging.h; path = ../../lc_logging.h; sourceTree = "<group>"; };
/* End PBXFileReference section */

/* Begin PBXFrameworksBuildPhase section */
		81805C7717DCB68300A7FFCB /* Frameworks */ = {
			isa = PBXFrameworksBuildPhase;
			buildActionMask = 2147483647;
			files = (
				81805C7E17DCB68300A7FFCB /* UIKit.framework in Frameworks */,
				81805C8017DCB68300A7FFCB /* Foundation.framework in Frameworks */,
				81805C8217DCB68300A7FFCB /* CoreGraphics.framework in Frameworks */,
			);
			runOnlyForDeploymentPostprocessing = 0;
		};
/* End PBXFrameworksBuildPhase section */

/* Begin PBXGroup section */
		81805C7117DCB68300A7FFCB = {
			isa = PBXGroup;
			children = (
				81805C8317DCB68300A7FFCB /* LightLoggerIos */,
				81805C7C17DCB68300A7FFCB /* Frameworks */,
				81805C7B17DCB68300A7FFCB /* Products */,
			);
			sourceTree = "<group>";
		};
		81805C7B17DCB68300A7FFCB /* Products */ = {
			isa = PBXGroup;
			children = (
				81805C7A17DCB68300A7FFCB /* LightLoggerIos.app */,
			);
			name = Products;
			sourceTree = "<group>";
		};
		81805C7C17DCB68300A7FFCB /* Frameworks */ = {
			isa = PBXGroup;
			children = (
				81805C7D17DCB68300A7FFCB /* UIKit.framework */,
				81805C7F17DCB68300A7FFCB /* Foundation.framework */,
				81805C8117DCB68300A7FFCB /* CoreGraphics.framework */,
			);
			name = Frameworks;
			sourceTree = "<group>";
		};
		81805C8317DCB68300A7FFCB /* LightLoggerIos */ = {
			isa = PBXGroup;
			children = (
				81805CA317DCB6C500A7FFCB /* lc_logging.h */,
				81805C8C17DCB68300A7FFCB /* LCAppDelegate.h */,
				81805C8D17DCB68300A7FFCB /* LCAppDelegate.mm */,
				81805C9817DCB68300A7FFCB /* LCViewController_iPhone.xib */,
				81805C9B17DCB68300A7FFCB /* LCViewController_iPad.xib */,
				81805C8417DCB68300A7FFCB /* Supporting Files */,
			);
			path = LightLoggerIos;
			sourceTree = "<group>";
		};
		81805C8417DCB68300A7FFCB /* Supporting Files */ = {
			isa = PBXGroup;
			children = (
				81805C8517DCB68300A7FFCB /* LightLoggerIos-Info.plist */,
				81805C8617DCB68300A7FFCB /* InfoPlist.strings */,
				81805C8917DCB68300A7FFCB /* main.m */,
				81805C8B17DCB68300A7FFCB /* LightLoggerIos-Prefix.pch */,
				81805C8F17DCB68300A7FFCB /* Default.png */,
				81805C9117DCB68300A7FFCB /* Default@2x.png */,
				81805C9317DCB68300A7FFCB /* Default-568h@2x.png */,
			);
			name = "Supporting Files";
			sourceTree = "<group>";
		};
/* End PBXGroup section */

/* Begin PBXNativeTarget section */
		81805C7917DCB68300A7FFCB /* LightLoggerIos */ = {
			isa = PBXNativeTarget;
			buildConfigurationList = 81805CA017DCB68300A7FFCB /* Build configuration list for PBXNativeTarget "LightLoggerIos" */;
			buildPhases = (
				81805C7617DCB68300A7FFCB /* Sources */,
				81805C7717DCB68300A7FFCB /* Frameworks */,
				81805C7817DCB68300A7FFCB /* Resources */,
			);
			buildRules = (
			);
			dependencies = (
			);
			name = LightLoggerIos;
			productName = LightLoggerIos;
			productReference = 81805C7A17DCB68300A7FFCB /* LightLoggerIos.app */;
			productType = "com.apple.product-type.application";
		};
/* End PBXNativeTarget section */

/* Begin PBXProject section */
		81805C7217DCB68300A7FFCB /* Project object */ = {
			isa = PBXProject;
			attributes = {
				CLASSPREFIX = LC;
				LastUpgradeCheck = 0460;
				ORGANIZATIONNAME = "Luca Carlon";
			};
			buildConfigurationList = 81805C7517DCB68300A7FFCB /* Build configuration list for PBXProject "LightLoggerIos" */;
			compatibilityVersion = "Xcode 3.2";
			developmentRegion = English;
			hasScannedForEncodings = 0;
			knownRegions = (
				en,
			);
			mainGroup = 81805C7117DCB68300A7FFCB;
			productRefGroup = 81805C7B17DCB68300A7FFCB /* Products */;
			projectDirPath = "";
			projectRoot = "";
			targets = (
				81805C7917DCB68300A7FFCB /* LightLoggerIos */,
			);
		};
/* End PBXProject section */

/* Begin PBXResourcesBuildPhase section */
		81805C7817DCB68300A7FFCB /* Resources */ = {
			isa = PBXResourcesBuildPhase;
			buildActionMask = 2147483647;
			files = (
				81805C8817DCB68300A7FFCB /* InfoPlist.strings in Resources */,
				81805C9017DCB68300A7FFCB /* Default.png in Resources */,
				81805C9217DCB68300A7FFCB /* Default@2x.png in Resources */,
				81805C9417DCB68300A7FFCB /* Default-568h@2x.png in Resources */,
				81805C9A17DCB68300A7FFCB /* LCViewController_iPhone.xib in Resources */,
				81805C9D17DCB68300A7FFCB /* LCViewController_iPad.xib in Resources */,
			);
			runOnlyForDeploymentPostprocessing = 0;
		};
/* End PBXResourcesBuildPhase section */

/* Begin PBXSourcesBuildPhase section */
		81805C7617DCB68300A7FFCB /* Sources */ = {
			isa = PBXSourcesBuildPhase;
			buildActionMask = 2147483647;
			files = (
				81805C8A17DCB68300A7FFCB /* main.m in Sources */,
				81805C8E17DCB68300A7FFCB /* LCAppDelegate.mm in Sources */,
			);
			runOnlyForDeploymentPostprocessing = 0;
		};
/* End PBXSourcesBuildPhase section */

/* Begin PBXVariantGroup section */
		81805C8617DCB68300A7FFCB /* InfoPlist.strings */ = {
			isa = PBXVariantGroup;
			children = (
				81805C8717DCB68300A7FFCB /* en */,
			);
			name = InfoPlist.strings;
			sourceTree = "<group>";
		};
		81805C9817DCB68300A7FFCB /* LCViewController_iPhone.xib */ = {
			isa = PBXVariantGroup;
			children = (
				81805C9917DCB68300A7FFCB /* en */,
			);
			name = LCViewController_iPhone.xib;
			sourceTree = "<group>";
		};
		81805C9B17DCB68300A7FFCB /* LCViewController_iPad.xib */ = {
			isa = PBXVariantGroup;
			children = (
				81805C9C17DCB68300A7FFCB /* en */,
			);
			name = LCViewController_iPad.xib;
			sourceTree = "<group>";
		};
/* End PBXVariantGroup section */

/* Begin XCBuildConfiguration section */
		81805C9E17DCB68300A7FFCB /* Debug */ = {
			isa = XCBuildConfiguration;
			buildSettings = {
				ALWAYS_SEARCH_USER_PATHS = NO;
				CLANG_CXX_LANGUAGE_STANDARD = "gnu++0x";
				CLANG_CXX_LIBRARY = "libc++";
				CLANG_WARN_CONSTANT_CONVERSION = YES;
				CLANG_WARN_EMPTY_BODY = YES;
				CLANG_WARN_ENUM_CONVERSION = YES;
				CLANG_WARN_INT_CONVERSION = YES;
				CLANG_WARN__DUPLICATE_METHOD_MATCH = YES;
				"CODE_SIGN_IDENTITY[sdk=iphoneos*]" = "iPhone Developer";
				COPY_PHASE_STRIP = NO;
				GCC_C_LANGUAGE_STANDARD = gnu99;
				GCC_DYNAMIC_NO_PIC = NO;
				GCC_OPTIMIZATION_LEVEL = 0;
				GCC_PREPROCESSOR_DEFINITIONS = (
					"DEBUG=1",
					"$(inherited)",
				);
				GCC_SYMBOLS_PRIVATE_EXTERN = NO;
				GCC_WARN_ABOUT_RETURN_TYPE = YES;
				GCC_WARN_UNINITIALIZED_AUTOS = YES;
				GCC_WARN_UNUSED_VARIABLE = YES;
				IPHONEOS_DEPLOYMENT_TARGET = 6.1;
				ONLY_ACTIVE_ARCH = YES;
				SDKROOT = iphoneos;
				TARGETED_DEVICE_FAMILY = "1,2";
			};
			name = Debug;
		};
		81805C9F17DCB68300A7FFCB /* Release */ = {
			isa = XCBuildConfiguration;
			buildSettings = {
				ALWAYS_SEARCH_USER_PATHS = NO;
				CLANG_CXX_LANGUAGE_STANDARD = "gnu++0x";
				CLANG_CXX_LIBRARY = "libc++";
				CLANG_WARN_CONSTANT_CONVERSION = YES;
				CLANG_WARN_EMPTY_BODY = YES;
				CLANG_WARN_ENUM_CONVERSION = YES;
				CLANG_WARN_INT_CONVERSION = YES;
				CLANG_WARN__DUPLICATE_METHOD_MATCH = YES;
				"CODE_SIGN_IDENTITY[sdk=iphoneos*]" = "iPhone Developer";
				COPY_PHASE_STRIP = YES;
				GCC_C_LANGUAGE_STANDARD = gnu99;
				GCC_WARN_ABOUT_RETURN_TYPE = YES;
				GCC_WARN_UNINITIALIZED_AUTOS = YES;
				GCC_WARN_UNUSED_VARIABLE = YES;
				IPHONEOS_DEPLOYMENT_TARGET = 6.1;
				OTHER_CFLAGS = "-DNS_BLOCK_ASSERTIONS=1";
				SDKROOT = iphoneos;
				TARGETED_DEVICE_FAMILY = "1,2";
				VALIDATE_PRODUCT = YES;
			};
			name = Release;
		};
		81805CA117DCB68300A7FFCB /* Debug */ = {
			isa = XCBuildConfiguration;
			buildSettings = {
				GCC_PRECOMPILE_PREFIX_HEADER = YES;
				GCC_PREFIX_HEADER = "LightLoggerIos/LightLoggerIos-Prefix.pch";
				INFOPLIST_FILE = "LightLoggerIos/LightLoggerIos-Info.plist";
				PRODUCT_NAME = "$(TARGET_NAME)";
				WRAPPER_EXTENSION = app;
			};
			name = Debug;
		};
		81805CA217DCB68300A7FFCB /* Release */ = {
			isa = XCBuildConfiguration;
			buildSettings = {
				GCC_PRECOMPILE_PREFIX_HEADER = YES;
				GCC_PREFIX_HEADER = "LightLoggerIos/LightLoggerIos-Prefix.pch";
				INFOPLIST_FILE = "LightLoggerIos/LightLoggerIos-Info.plist";
				PRODUCT_NAME = "$(TARGET_NAME)";
				WRAPPER_EXTENSION = app;
			};
			name = Release;
		};
/* End XCBuildConfiguration section */

/* Begin XCConfigurationList section */
		81805C7517DCB68300A7FFCB /* Build configuration list for PBXProject "LightLoggerIos" */ = {
			isa = XCConfigurationList;
			buildConfigurations = (
				81805C9E17DCB68300A7FFCB /* Debug */,
				81805C9F17DCB68300A7FFCB /* Release */,
			);
			defaultConfigurationIsVisible = 0;
			defaultConfigurationName = Release;
		};
		81805CA017DCB68300A7FFCB /* Build configuration list for PBXNativeTarget "LightLoggerIos" */ = {
			isa = XCConfigurationList;
			buildConfigurations = (
				81805CA117DCB68300A7FFCB /* Debug */,
				81805CA217DCB68300A7FFCB /* Release */,
			);
			defaultConfigurationIsVisible = 0;
			defaultConfigurationName = Release;
		};
/* End XCConfigurationList section */
	};
	rootObject = 81805C7217DCB68300A7FFCB /* Project object */;
}
